
Microsoft Visual Studio Solution File, Format Version 11.00
# Visual Studio 2010
Project("{FAE04EC0-301F-11D3-BF4B-00C04F79EFBC}") = "Openaria", "Openaria\Openaria.csproj", "{A7B3B4CB-4CF1-40BA-9A54-D2B0AC3C9DAD}"
EndProject
Global
	GlobalSection(SolutionConfigurationPlatforms) = preSolution
		Debug|x86 = Debug|x86
		Release|x86 = Release|x86
	EndGlobalSection
	GlobalSection(ProjectConfigurationPlatforms) = postSolution
		{A7B3B4CB-4CF1-40BA-9A54-D2B0AC3C9DAD}.Debug|x86.ActiveCfg = Debug|x86
		{A7B3B4CB-4CF1-40BA-9A54-D2B0AC3C9DAD}.Debug|x86.Build.0 = Debug|x86
		{A7B3B4CB-4CF1-40BA-9A54-D2B0AC3C9DAD}.Release|x86.ActiveCfg = Release|x86
		{A7B3B4CB-4CF1-40BA-9A54-D2B0AC3C9DAD}.Release|x86.Build.0 = Release|x86
	EndGlobalSection
	GlobalSection(MonoDevelopProperties) = preSolution
		StartupItem = Openaria\Openaria.csproj
	EndGlobalSection
EndGlobal
